{
  "name": "workspace",
  "lockfileVersion": 3,
  "requires": true,
  "packages": {
    "": {
      "dependencies": {
        "javascript-api": "https://gitpkg.now.sh/code-tanks/javascript-api?main"
      }
    },
    "node_modules/javascript-api": {
      "version": "1.0.0",
      "resolved": "https://gitpkg.now.sh/code-tanks/javascript-api?main",
      "integrity": "sha512-FJbzVKMYwxm4Ib/Yaq/92TROiQJ4wa8TV4eQLuCN6B4JdhUnVMLBH/T+Kxy/67Gx9KrzbDmOQW4ExJL3erLTfA==",
      "license": "ISC"
    }
  }
}
